// !$*UTF8*$!
{
	archiveVersion = 1;
	classes = {
	};
	objectVersion = 46;
	objects = {

/* Begin PBXBuildFile section */
		3A7151AD1C7E7B64006E7E1F /* OpenGL.framework in Frameworks */ = {isa = PBXBuildFile; fileRef = 3A7151AC1C7E7B64006E7E1F /* OpenGL.framework */; };
		3A7151CF1C7E891E006E7E1F /* ex1.cpp in Sources */ = {isa = PBXBuildFile; fileRef = 3A7151CE1C7E891E006E7E1F /* ex1.cpp */; };
		3A7152131C7F7549006E7E1F /* libglad.a in Frameworks */ = {isa = PBXBuildFile; fileRef = 3A7152111C7F7549006E7E1F /* libglad.a */; };
		3A7152141C7F7549006E7E1F /* libglfw3.3.1.dylib in Frameworks */ = {isa = PBXBuildFile; fileRef = 3A7152121C7F7549006E7E1F /* libglfw3.3.1.dylib */; };
/* End PBXBuildFile section */

/* Begin PBXCopyFilesBuildPhase section */
		3A7151A01C7E7A5B006E7E1F /* CopyFiles */ = {
			isa = PBXCopyFilesBuildPhase;
			buildActionMask = 2147483647;
			dstPath = /usr/share/man/man1/;
			dstSubfolderSpec = 0;
			files = (
			);
			runOnlyForDeploymentPostprocessing = 1;
		};
/* End PBXCopyFilesBuildPhase section */

/* Begin PBXFileReference section */
		3A7151A21C7E7A5B006E7E1F /* opengl_tut */ = {isa = PBXFileReference; explicitFileType = "compiled.mach-o.executable"; includeInIndex = 0; path = opengl_tut; sourceTree = BUILT_PRODUCTS_DIR; };
		3A7151AC1C7E7B64006E7E1F /* OpenGL.framework */ = {isa = PBXFileReference; lastKnownFileType = wrapper.framework; name = OpenGL.framework; path = System/Library/Frameworks/OpenGL.framework; sourceTree = SDKROOT; };
		3A7151CE1C7E891E006E7E1F /* ex1.cpp */ = {isa = PBXFileReference; fileEncoding = 4; lastKnownFileType = sourcecode.cpp.cpp; path = ex1.cpp; sourceTree = "<group>"; };
		3A7152111C7F7549006E7E1F /* libglad.a */ = {isa = PBXFileReference; lastKnownFileType = archive.ar; name = libglad.a; path = ../../../../usr/local/lib/libglad.a; sourceTree = DEVELOPER_DIR; };
		3A7152121C7F7549006E7E1F /* libglfw3.3.1.dylib */ = {isa = PBXFileReference; lastKnownFileType = "compiled.mach-o.dylib"; name = libglfw3.3.1.dylib; path = ../../../../usr/local/Cellar/glfw3/3.1.2/lib/libglfw3.3.1.dylib; sourceTree = DEVELOPER_DIR; };
/* End PBXFileReference section */

/* Begin PBXFrameworksBuildPhase section */
		3A71519F1C7E7A5B006E7E1F /* Frameworks */ = {
			isa = PBXFrameworksBuildPhase;
			buildActionMask = 2147483647;
			files = (
				3A7152131C7F7549006E7E1F /* libglad.a in Frameworks */,
				3A7152141C7F7549006E7E1F /* libglfw3.3.1.dylib in Frameworks */,
				3A7151AD1C7E7B64006E7E1F /* OpenGL.framework in Frameworks */,
			);
			runOnlyForDeploymentPostprocessing = 0;
		};
/* End PBXFrameworksBuildPhase section */

/* Begin PBXGroup section */
		3A7151991C7E7A5B006E7E1F = {
			isa = PBXGroup;
			children = (
				3A7152111C7F7549006E7E1F /* libglad.a */,
				3A7152121C7F7549006E7E1F /* libglfw3.3.1.dylib */,
				3A7151AC1C7E7B64006E7E1F /* OpenGL.framework */,
				3A7151A31C7E7A5B006E7E1F /* Products */,
				3A7151A41C7E7A5B006E7E1F /* opengl_tut_1 */,
			);
			sourceTree = "<group>";
		};
		3A7151A31C7E7A5B006E7E1F /* Products */ = {
			isa = PBXGroup;
			children = (
				3A7151A21C7E7A5B006E7E1F /* opengl_tut */,
			);
			name = Products;
			sourceTree = "<group>";
		};
		3A7151A41C7E7A5B006E7E1F /* opengl_tut_1 */ = {
			isa = PBXGroup;
			children = (
				3A7151CE1C7E891E006E7E1F /* ex1.cpp */,
			);
			path = opengl_tut_1;
			sourceTree = "<group>";
		};
/* End PBXGroup section */

/* Begin PBXNativeTarget section */
		3A7151A11C7E7A5B006E7E1F /* opengl_tut_1 */ = {
			isa = PBXNativeTarget;
			buildConfigurationList = 3A7151A91C7E7A5B006E7E1F /* Build configuration list for PBXNativeTarget "opengl_tut_1" */;
			buildPhases = (
				3A71519E1C7E7A5B006E7E1F /* Sources */,
				3A71519F1C7E7A5B006E7E1F /* Frameworks */,
				3A7151A01C7E7A5B006E7E1F /* CopyFiles */,
			);
			buildRules = (
			);
			dependencies = (
			);
			name = opengl_tut_1;
			productName = opengl_tut_1;
			productReference = 3A7151A21C7E7A5B006E7E1F /* opengl_tut */;
			productType = "com.apple.product-type.tool";
		};
/* End PBXNativeTarget section */

/* Begin PBXProject section */
		3A71519A1C7E7A5B006E7E1F /* Project object */ = {
			isa = PBXProject;
			attributes = {
				LastUpgradeCheck = 0720;
				ORGANIZATIONNAME = "Sheng Zhang";
				TargetAttributes = {
					3A7151A11C7E7A5B006E7E1F = {
						CreatedOnToolsVersion = 7.2.1;
					};
				};
			};
			buildConfigurationList = 3A71519D1C7E7A5B006E7E1F /* Build configuration list for PBXProject "opengl_tut" */;
			compatibilityVersion = "Xcode 3.2";
			developmentRegion = English;
			hasScannedForEncodings = 0;
			knownRegions = (
				en,
			);
			mainGroup = 3A7151991C7E7A5B006E7E1F;
			productRefGroup = 3A7151A31C7E7A5B006E7E1F /* Products */;
			projectDirPath = "";
			projectRoot = "";
			targets = (
				3A7151A11C7E7A5B006E7E1F /* opengl_tut_1 */,
			);
		};
/* End PBXProject section */

/* Begin PBXSourcesBuildPhase section */
		3A71519E1C7E7A5B006E7E1F /* Sources */ = {
			isa = PBXSourcesBuildPhase;
			buildActionMask = 2147483647;
			files = (
				3A7151CF1C7E891E006E7E1F /* ex1.cpp in Sources */,
			);
			runOnlyForDeploymentPostprocessing = 0;
		};
/* End PBXSourcesBuildPhase section */

/* Begin XCBuildConfiguration section */
		3A7151A71C7E7A5B006E7E1F /* Debug */ = {
			isa = XCBuildConfiguration;
			buildSettings = {
				ALWAYS_SEARCH_USER_PATHS = NO;
				CLANG_CXX_LANGUAGE_STANDARD = "gnu++0x";
				CLANG_CXX_LIBRARY = "libc++";
				CLANG_ENABLE_MODULES = YES;
				CLANG_ENABLE_OBJC_ARC = YES;
				CLANG_WARN_BOOL_CONVERSION = YES;
				CLANG_WARN_CONSTANT_CONVERSION = YES;
				CLANG_WARN_DIRECT_OBJC_ISA_USAGE = YES_ERROR;
				CLANG_WARN_EMPTY_BODY = YES;
				CLANG_WARN_ENUM_CONVERSION = YES;
				CLANG_WARN_INT_CONVERSION = YES;
				CLANG_WARN_OBJC_ROOT_CLASS = YES_ERROR;
				CLANG_WARN_UNREACHABLE_CODE = YES;
				CLANG_WARN__DUPLICATE_METHOD_MATCH = YES;
				CODE_SIGN_IDENTITY = "-";
				COPY_PHASE_STRIP = NO;
				DEBUG_INFORMATION_FORMAT = dwarf;
				ENABLE_STRICT_OBJC_MSGSEND = YES;
				ENABLE_TESTABILITY = YES;
				GCC_C_LANGUAGE_STANDARD = gnu99;
				GCC_DYNAMIC_NO_PIC = NO;
				GCC_NO_COMMON_BLOCKS = YES;
				GCC_OPTIMIZATION_LEVEL = 0;
				GCC_PREPROCESSOR_DEFINITIONS = (
					"DEBUG=1",
					"$(inherited)",
				);
				GCC_WARN_64_TO_32_BIT_CONVERSION = YES;
				GCC_WARN_ABOUT_RETURN_TYPE = YES_ERROR;
				GCC_WARN_UNDECLARED_SELECTOR = YES;
				GCC_WARN_UNINITIALIZED_AUTOS = YES_AGGRESSIVE;
				GCC_WARN_UNUSED_FUNCTION = YES;
				GCC_WARN_UNUSED_VARIABLE = YES;
				MACOSX_DEPLOYMENT_TARGET = 10.11;
				MTL_ENABLE_DEBUG_INFO = YES;
				ONLY_ACTIVE_ARCH = YES;
				SDKROOT = macosx;
			};
			name = Debug;
		};
		3A7151A81C7E7A5B006E7E1F /* Release */ = {
			isa = XCBuildConfiguration;
			buildSettings = {
				ALWAYS_SEARCH_USER_PATHS = NO;
				CLANG_CXX_LANGUAGE_STANDARD = "gnu++0x";
				CLANG_CXX_LIBRARY = "libc++";
				CLANG_ENABLE_MODULES = YES;
				CLANG_ENABLE_OBJC_ARC = YES;
				CLANG_WARN_BOOL_CONVERSION = YES;
				CLANG_WARN_CONSTANT_CONVERSION = YES;
				CLANG_WARN_DIRECT_OBJC_ISA_USAGE = YES_ERROR;
				CLANG_WARN_EMPTY_BODY = YES;
				CLANG_WARN_ENUM_CONVERSION = YES;
				CLANG_WARN_INT_CONVERSION = YES;
				CLANG_WARN_OBJC_ROOT_CLASS = YES_ERROR;
				CLANG_WARN_UNREACHABLE_CODE = YES;
				CLANG_WARN__DUPLICATE_METHOD_MATCH = YES;
				CODE_SIGN_IDENTITY = "-";
				COPY_PHASE_STRIP = NO;
				DEBUG_INFORMATION_FORMAT = "dwarf-with-dsym";
				ENABLE_NS_ASSERTIONS = NO;
				ENABLE_STRICT_OBJC_MSGSEND = YES;
				GCC_C_LANGUAGE_STANDARD = gnu99;
				GCC_NO_COMMON_BLOCKS = YES;
				GCC_WARN_64_TO_32_BIT_CONVERSION = YES;
				GCC_WARN_ABOUT_RETURN_TYPE = YES_ERROR;
				GCC_WARN_UNDECLARED_SELECTOR = YES;
				GCC_WARN_UNINITIALIZED_AUTOS = YES_AGGRESSIVE;
				GCC_WARN_UNUSED_FUNCTION = YES;
				GCC_WARN_UNUSED_VARIABLE = YES;
				MACOSX_DEPLOYMENT_TARGET = 10.11;
				MTL_ENABLE_DEBUG_INFO = NO;
				SDKROOT = macosx;
			};
			name = Release;
		};
		3A7151AA1C7E7A5B006E7E1F /* Debug */ = {
			isa = XCBuildConfiguration;
			buildSettings = {
				ALWAYS_SEARCH_USER_PATHS = YES;
				HEADER_SEARCH_PATHS = (
					"/usr/local/Cellar/glfw3/3.1.2/include/**",
					/usr/local/include,
				);
				LIBRARY_SEARCH_PATHS = (
					"$(inherited)",
					/usr/local/Cellar/glfw3/3.1.2/lib,
					/usr/local/lib,
				);
				PRODUCT_NAME = opengl_tut;
			};
			name = Debug;
		};
		3A7151AB1C7E7A5B006E7E1F /* Release */ = {
			isa = XCBuildConfiguration;
			buildSettings = {
				ALWAYS_SEARCH_USER_PATHS = YES;
				HEADER_SEARCH_PATHS = (
					"/usr/local/Cellar/glfw3/3.1.2/include/**",
					/usr/local/include,
				);
				LIBRARY_SEARCH_PATHS = (
					"$(inherited)",
					/usr/local/Cellar/glfw3/3.1.2/lib,
					/usr/local/lib,
				);
				PRODUCT_NAME = opengl_tut;
			};
			name = Release;
		};
/* End XCBuildConfiguration section */

/* Begin XCConfigurationList section */
		3A71519D1C7E7A5B006E7E1F /* Build configuration list for PBXProject "opengl_tut" */ = {
			isa = XCConfigurationList;
			buildConfigurations = (
				3A7151A71C7E7A5B006E7E1F /* Debug */,
				3A7151A81C7E7A5B006E7E1F /* Release */,
			);
			defaultConfigurationIsVisible = 0;
			defaultConfigurationName = Release;
		};
		3A7151A91C7E7A5B006E7E1F /* Build configuration list for PBXNativeTarget "opengl_tut_1" */ = {
			isa = XCConfigurationList;
			buildConfigurations = (
				3A7151AA1C7E7A5B006E7E1F /* Debug */,
				3A7151AB1C7E7A5B006E7E1F /* Release */,
			);
			defaultConfigurationIsVisible = 0;
			defaultConfigurationName = Release;
		};
/* End XCConfigurationList section */
	};
	rootObject = 3A71519A1C7E7A5B006E7E1F /* Project object */;
}
